lockfileVersion: '9.0'

settings:
  autoInstallPeers: true
  excludeLinksFromLockfile: false

importers:

  .:
    devDependencies:
      lefthook:
        specifier: 2.1.15
        version: 2.1.15

packages:

  lefthook-darwin-arm64@2.1.15:
    resolution: {integrity: sha512-6sNtlNsoeahxZySHbMMijFS8qB5nxZjMohO5t9x4UoM03sKAwXL++vR196mKOF942YdvkuDrwd+qyxfAU6QmWg==}
    cpu: [arm64]
    os: [darwin]

  lefthook-darwin-x64@2.1.15:
    resolution: {integrity: sha512-B2upzVBV/9adKe0fGUO4JCrgx/iKx3qC6PQ2N3Qrok9yL5wDx+AZ6L5GNNgAKUbUWP6XZywyZZ/DFTPLOGxA/Q==}
    cpu: [x64]
    os: [darwin]

  lefthook-freebsd-arm64@2.1.15:
    resolution: {integrity: sha512-7PbO32jhKKHqRdD6DIucmQrZ5nHlXwhxHdqy6CxTH2wNNPlvjXPrMqb6W0SpHuOLS0dWdz77ZVJsOvwfH139AA==}
    cpu: [arm64]
    os: [freebsd]

  lefthook-freebsd-x64@2.1.15:
    resolution: {integrity: sha512-0XEgTQomWVV/uw4v5A/OMSfRk/9MRu3OBgTX1xF2QvUrb+fCEglkrJW299vSqndKn53MkUtyoIntz0ajw4PJlA==}
    cpu: [x64]
    os: [freebsd]

  lefthook-linux-arm64@2.1.15:
    resolution: {integrity: sha512-HfgGoLtzqop68Zo9FDdP7rozFc+hv3xf2s4fWsyH50SbQLNgoKz/9vsneZG7n8bQ5YYGR/up0H9D8WQ7pou01g==}
    cpu: [arm64]
    os: [linux]

  lefthook-linux-x64@2.1.15:
    resolution: {integrity: sha512-oyhZn6koNmXvSlSQXeTL1Zmxmlp1ysInjZCETwfAhjGb5r42HX2coaPzO0e6dvoP6bqEO8cyWoqqj+FYVz9nig==}
    cpu: [x64]
    os: [linux]

  lefthook-openbsd-arm64@2.1.15:
    resolution: {integrity: sha512-/hF3ap8CUqD2whU127pesD0x0CLOymDmtR5NR5jbNrT/BryjxlL6YL7HL3KB1Xz3MZwBqYeLIceqFE9/Gc53xQ==}
    cpu: [arm64]
    os: [openbsd]

  lefthook-openbsd-x64@2.1.15:
    resolution: {integrity: sha512-IljStK5gOS8oQPxCsHNDoHeD8vSCDHFuHWtJfRbYWVtNMEA9/2shtIKHswFWQBAxltgt4/i/lN86rErKdDoIug==}
    cpu: [x64]
    os: [openbsd]

  lefthook-windows-arm64@2.1.15:
    resolution: {integrity: sha512-S1HIhsM0RZua8fQlHzXFrF0CpA/eo2/UYVUAqU+pJ/3IBAq0ZpWG4ZzfrQiSSBbcG9LB4tJgqiJVtumQKO+ZgA==}
    cpu: [arm64]
    os: [win32]

  lefthook-windows-x64@2.1.15:
    resolution: {integrity: sha512-cp4ZhMYpX9khKw+fu0JEskq0Aeo1csREkb4WTMmJaEL7KTt+Lpp5zzSPPa8NGtpcQSKUo+ZXYrtqzpxYpPdt0g==}
    cpu: [x64]
    os: [win32]

  lefthook@2.1.15:
    resolution: {integrity: sha512-l/BSlOZBou3zLDuSIV8V+kbNyC6UiFCACVHu8dVUCDxH5+8qZXmJr8iROruI/7hv6W7c3sVlVT+6+BpVhGZRmA==}
    hasBin: true

snapshots:

  lefthook-darwin-arm64@2.1.15:
    optional: true

  lefthook-darwin-x64@2.1.15:
    optional: true

  lefthook-freebsd-arm64@2.1.15:
    optional: true

  lefthook-freebsd-x64@2.1.15:
    optional: true

  lefthook-linux-arm64@2.1.15:
    optional: true

  lefthook-linux-x64@2.1.15:
    optional: true

  lefthook-openbsd-arm64@2.1.15:
    optional: true

  lefthook-openbsd-x64@2.1.15:
    optional: true

  lefthook-windows-arm64@2.1.15:
    optional: true

  lefthook-windows-x64@2.1.15:
    optional: true

  lefthook@2.1.15:
    optionalDependencies:
      lefthook-darwin-arm64: 2.1.15
      lefthook-darwin-x64: 2.1.15
      lefthook-freebsd-arm64: 2.1.15
      lefthook-freebsd-x64: 2.1.15
      lefthook-linux-arm64: 2.1.15
      lefthook-linux-x64: 2.1.15
      lefthook-openbsd-arm64: 2.1.15
      lefthook-openbsd-x64: 2.1.15
      lefthook-windows-arm64: 2.1.15
      lefthook-windows-x64: 2.1.15
