lockfileVersion: '9.0'

settings:
  autoInstallPeers: true
  excludeLinksFromLockfile: false

importers:

  .:
    devDependencies:
      lefthook:
        specifier: ^2.1.12
        version: 2.1.12

packages:

  lefthook-darwin-arm64@2.1.12:
    resolution: {integrity: sha512-GSUjqaCuxAYlPOovbjXEWE3HAIa/xOQkTTmZ937zieQldjPLTaC7+s5FHoxKywn+D9riBlofkDqG7Z4f5zzmPA==}
    cpu: [arm64]
    os: [darwin]

  lefthook-darwin-x64@2.1.12:
    resolution: {integrity: sha512-qAUHSSw/7Afi5wxkoLkxORxSicCeTBXyVLnRgD6YZra6udviozpK3Aok9Z6FIWeKc5FBijRMSNDxGPTREhsjcQ==}
    cpu: [x64]
    os: [darwin]

  lefthook-freebsd-arm64@2.1.12:
    resolution: {integrity: sha512-FHZRfKliFNbyz54zsoGdVe9muq67cNjBTZ6jrPPUjI7xUuyCwSpzA+1OpiwJT00L9pP5ZGONBqnGZKnrpC+7Uw==}
    cpu: [arm64]
    os: [freebsd]

  lefthook-freebsd-x64@2.1.12:
    resolution: {integrity: sha512-HYQZPGy2DDEx7dbuotusJpujY5q9igOLgx36qeeQcNQuvvdGHPj2ZGSIsGKhoJ0dw5Qa4knKJoPAHEZQWdV/og==}
    cpu: [x64]
    os: [freebsd]

  lefthook-linux-arm64@2.1.12:
    resolution: {integrity: sha512-ipjOri2PB/sk4noPrHQuM5fcpNBjmlKo4qMtXyLnxeOxGYHWZzf0Xi0OtrXHQ//tOprcv40ADvhUuSdcGqigLw==}
    cpu: [arm64]
    os: [linux]

  lefthook-linux-x64@2.1.12:
    resolution: {integrity: sha512-DmU6xfvqVoFdW+STyc70YI4Ry8vkHGKHx+IJ1Js/Gacq5dv+fiwNzwle3bi28EkL6P8xY67B/CfQfRj4SRU4tg==}
    cpu: [x64]
    os: [linux]

  lefthook-openbsd-arm64@2.1.12:
    resolution: {integrity: sha512-vb0J7bElLvoaCWQmna3HntsvoNqMsGAhfjjC99ss1OdCteufZKM3RxCVoMBEbD50Itv2c1Ua2AFVToltVFTy1Q==}
    cpu: [arm64]
    os: [openbsd]

  lefthook-openbsd-x64@2.1.12:
    resolution: {integrity: sha512-QOmhDWqPPK4+99scanfEmbJjUR+JYC93qhr/0bp5Dj3LaR3kVFNWc6zOQUsOTPy/LC6PG759Lej/mr/BtjUL2Q==}
    cpu: [x64]
    os: [openbsd]

  lefthook-windows-arm64@2.1.12:
    resolution: {integrity: sha512-eErEyr9AHkRFj6TxpCQeKGd0s6IrtL/VEIZ/ssg8dNfG+ycR4jAW/IAlrJSw6/ZQXb3WtWLaQ6QA5c+TLh7vmg==}
    cpu: [arm64]
    os: [win32]

  lefthook-windows-x64@2.1.12:
    resolution: {integrity: sha512-0h+WmDVdDriTjloD/UbjPq/ZtqaaJlPAdGcVwMCEdAxfbF0FTgDbKX3igui9g2U/qG2y6QpVhtz1jeiRe7ctaw==}
    cpu: [x64]
    os: [win32]

  lefthook@2.1.12:
    resolution: {integrity: sha512-2uOexfsrrRhCiTUWdGyDySxVHHhOFJ8MQejs27dM3hugrQB48/z1ZVlaNoxpZ1SnzQ1GaDIbO5rAvicwyiknYQ==}
    hasBin: true

snapshots:

  lefthook-darwin-arm64@2.1.12:
    optional: true

  lefthook-darwin-x64@2.1.12:
    optional: true

  lefthook-freebsd-arm64@2.1.12:
    optional: true

  lefthook-freebsd-x64@2.1.12:
    optional: true

  lefthook-linux-arm64@2.1.12:
    optional: true

  lefthook-linux-x64@2.1.12:
    optional: true

  lefthook-openbsd-arm64@2.1.12:
    optional: true

  lefthook-openbsd-x64@2.1.12:
    optional: true

  lefthook-windows-arm64@2.1.12:
    optional: true

  lefthook-windows-x64@2.1.12:
    optional: true

  lefthook@2.1.12:
    optionalDependencies:
      lefthook-darwin-arm64: 2.1.12
      lefthook-darwin-x64: 2.1.12
      lefthook-freebsd-arm64: 2.1.12
      lefthook-freebsd-x64: 2.1.12
      lefthook-linux-arm64: 2.1.12
      lefthook-linux-x64: 2.1.12
      lefthook-openbsd-arm64: 2.1.12
      lefthook-openbsd-x64: 2.1.12
      lefthook-windows-arm64: 2.1.12
      lefthook-windows-x64: 2.1.12
